
Microsoft Visual Studio Solution File, Format Version 12.00
# Visual Studio Version 16
VisualStudioVersion = 16.0.31112.23
MinimumVisualStudioVersion = 10.0.40219.1
Project("{9A19103F-16F7-4668-BE54-9A1E7A4F7556}") = "battleship-backend", "battleship-backend.csproj", "{CEDCF71C-FFD3-48E9-8262-E846FD4360B1}"
EndProject
Project("{FAE04EC0-301F-11D3-BF4B-00C04F79EFBC}") = "BattleshipTests", "..\BattleshipTests\BattleshipTests.csproj", "{A9CE39E3-F7B5-4A5B-932B-75B2B6F36432}"
EndProject
Global
	GlobalSection(SolutionConfigurationPlatforms) = preSolution
		Debug|Any CPU = Debug|Any CPU
		Release|Any CPU = Release|Any CPU
	EndGlobalSection
	GlobalSection(ProjectConfigurationPlatforms) = postSolution
		{CEDCF71C-FFD3-48E9-8262-E846FD4360B1}.Debug|Any CPU.ActiveCfg = Debug|Any CPU
		{CEDCF71C-FFD3-48E9-8262-E846FD4360B1}.Debug|Any CPU.Build.0 = Debug|Any CPU
		{CEDCF71C-FFD3-48E9-8262-E846FD4360B1}.Release|Any CPU.ActiveCfg = Release|Any CPU
		{CEDCF71C-FFD3-48E9-8262-E846FD4360B1}.Release|Any CPU.Build.0 = Release|Any CPU
		{A9CE39E3-F7B5-4A5B-932B-75B2B6F36432}.Debug|Any CPU.ActiveCfg = Debug|Any CPU
		{A9CE39E3-F7B5-4A5B-932B-75B2B6F36432}.Debug|Any CPU.Build.0 = Debug|Any CPU
		{A9CE39E3-F7B5-4A5B-932B-75B2B6F36432}.Release|Any CPU.ActiveCfg = Release|Any CPU
		{A9CE39E3-F7B5-4A5B-932B-75B2B6F36432}.Release|Any CPU.Build.0 = Release|Any CPU
	EndGlobalSection
	GlobalSection(SolutionProperties) = preSolution
		HideSolutionNode = FALSE
	EndGlobalSection
	GlobalSection(ExtensibilityGlobals) = postSolution
		SolutionGuid = {F68A35F6-C90A-41A2-ABEF-9431E19558FA}
	EndGlobalSection
EndGlobal
